name: "CD: Nix Flake Lock Auto-Update"

on:
  schedule:
    # Run weekly on Sunday at 02:00 UTC
    - cron: '0 2 * * 0'
  workflow_dispatch: # Allow manual trigger

permissions:
  contents: write
  pull-requests: write

jobs:
  update-lockfile:
    name: Update Flake Lockfile
    runs-on: ubuntu-latest
    steps:
      - name: Checkout repository
        uses: actions/checkout@3d3c42e5aac5ba805825da76410c181273ba90b1 # v7
        with:
          persist-credentials: false

      - name: Install Nix
        uses: cachix/install-nix-action@6004951b182f8860210c8d6f0d808ec5b1a33d28 # v25
        with:
          github_access_token: ${{ secrets.GITHUB_TOKEN }}

      - name: Update Flake Lock and Create PR
        uses: determinateSystems/update-flake-lock@834c491b2ece4de0bbd00d85214bb5e83b4da5c6 # v28
        with:
          pr-title: "chore(nix): update flake.lock"
          pr-body: |
            Automated weekly Nix flake lockfile update.

            This pull request updates the `flake.lock` file to pull in the latest revisions of your inputs.
            The updates have been automatically built and verified on the runner.
          commit-msg: "chore(nix): update flake.lock"
          token: ${{ secrets.GITHUB_TOKEN }}
